
Microsoft Visual Studio Solution File, Format Version 12.00
# Visual Studio 15
VisualStudioVersion = 15.0.27703.2042
MinimumVisualStudioVersion = 10.0.40219.1
Project("{FAE04EC0-301F-11D3-BF4B-00C04F79EFBC}") = "AerospikeWebApi", "AerospikeWebApi\AerospikeWebApi.csproj", "{47102D81-E7DF-4ABD-A664-8A4C640F246D}"
EndProject
Global
	GlobalSection(SolutionConfigurationPlatforms) = preSolution
		Debug|Any CPU = Debug|Any CPU
		Release|Any CPU = Release|Any CPU
	EndGlobalSection
	GlobalSection(ProjectConfigurationPlatforms) = postSolution
		{47102D81-E7DF-4ABD-A664-8A4C640F246D}.Debug|Any CPU.ActiveCfg = Debug|Any CPU
		{47102D81-E7DF-4ABD-A664-8A4C640F246D}.Debug|Any CPU.Build.0 = Debug|Any CPU
		{47102D81-E7DF-4ABD-A664-8A4C640F246D}.Release|Any CPU.ActiveCfg = Release|Any CPU
		{47102D81-E7DF-4ABD-A664-8A4C640F246D}.Release|Any CPU.Build.0 = Release|Any CPU
	EndGlobalSection
	GlobalSection(SolutionProperties) = preSolution
		HideSolutionNode = FALSE
	EndGlobalSection
	GlobalSection(ExtensibilityGlobals) = postSolution
		SolutionGuid = {F6342676-5CF5-4999-8FDF-123056E63A53}
	EndGlobalSection
EndGlobal
