
Microsoft Visual Studio Solution File, Format Version 12.00
# Visual Studio 15
VisualStudioVersion = 15.0.27703.2042
MinimumVisualStudioVersion = 10.0.40219.1
Project("{FAE04EC0-301F-11D3-BF4B-00C04F79EFBC}") = "DataDumpTool", "DataDumpTool\DataDumpTool.csproj", "{37E52874-1EB1-418E-931B-6EB32706C1CC}"
EndProject
Global
	GlobalSection(SolutionConfigurationPlatforms) = preSolution
		Debug|Any CPU = Debug|Any CPU
		Release|Any CPU = Release|Any CPU
	EndGlobalSection
	GlobalSection(ProjectConfigurationPlatforms) = postSolution
		{37E52874-1EB1-418E-931B-6EB32706C1CC}.Debug|Any CPU.ActiveCfg = Debug|Any CPU
		{37E52874-1EB1-418E-931B-6EB32706C1CC}.Debug|Any CPU.Build.0 = Debug|Any CPU
		{37E52874-1EB1-418E-931B-6EB32706C1CC}.Release|Any CPU.ActiveCfg = Release|Any CPU
		{37E52874-1EB1-418E-931B-6EB32706C1CC}.Release|Any CPU.Build.0 = Release|Any CPU
	EndGlobalSection
	GlobalSection(SolutionProperties) = preSolution
		HideSolutionNode = FALSE
	EndGlobalSection
	GlobalSection(ExtensibilityGlobals) = postSolution
		SolutionGuid = {5969FEE1-F509-4321-99CD-220CAE5A7F92}
	EndGlobalSection
EndGlobal
